
Microsoft Visual Studio Solution File, Format Version 12.00
# Visual Studio Version 17
VisualStudioVersion = 17.5.33414.496
MinimumVisualStudioVersion = 10.0.40219.1
Project("{FAE04EC0-301F-11D3-BF4B-00C04F79EFBC}") = "na4", "na4\na4.csproj", "{D746ABF1-44D9-4AC0-8431-A832AF0E7F66}"
EndProject
Global
	GlobalSection(SolutionConfigurationPlatforms) = preSolution
		Debug|Any CPU = Debug|Any CPU
		Release|Any CPU = Release|Any CPU
	EndGlobalSection
	GlobalSection(ProjectConfigurationPlatforms) = postSolution
		{D746ABF1-44D9-4AC0-8431-A832AF0E7F66}.Debug|Any CPU.ActiveCfg = Debug|Any CPU
		{D746ABF1-44D9-4AC0-8431-A832AF0E7F66}.Debug|Any CPU.Build.0 = Debug|Any CPU
		{D746ABF1-44D9-4AC0-8431-A832AF0E7F66}.Release|Any CPU.ActiveCfg = Release|Any CPU
		{D746ABF1-44D9-4AC0-8431-A832AF0E7F66}.Release|Any CPU.Build.0 = Release|Any CPU
	EndGlobalSection
	GlobalSection(SolutionProperties) = preSolution
		HideSolutionNode = FALSE
	EndGlobalSection
	GlobalSection(ExtensibilityGlobals) = postSolution
		SolutionGuid = {B0E3EA69-F58A-4FD7-92AB-379E64E593FF}
	EndGlobalSection
EndGlobal
